
Microsoft Visual Studio Solution File, Format Version 12.00
# Visual Studio Version 17
VisualStudioVersion = 17.9.34902.65
MinimumVisualStudioVersion = 10.0.40219.1
Project("{FAE04EC0-301F-11D3-BF4B-00C04F79EFBC}") = "Firstclass", "Firstclass\Firstclass.csproj", "{FB1D095C-F992-4537-8222-F980EFAD213B}"
EndProject
Project("{FAE04EC0-301F-11D3-BF4B-00C04F79EFBC}") = "Purefucntion", "Purefucntion\Purefucntion.csproj", "{2BF096B6-0B3C-4B12-83A2-9503AE61A566}"
EndProject
Project("{FAE04EC0-301F-11D3-BF4B-00C04F79EFBC}") = "Higherorder", "Higherorder\Higherorder.csproj", "{C62B97AF-E780-425B-ADA2-FBABCB82E7A6}"
EndProject
Project("{FAE04EC0-301F-11D3-BF4B-00C04F79EFBC}") = "functioncomposition", "functioncomposition\functioncomposition.csproj", "{AC56E732-CDAC-4945-8615-23B4CCD2E93C}"
EndProject
Project("{FAE04EC0-301F-11D3-BF4B-00C04F79EFBC}") = "Immutabilityf", "Immutabilityf\Immutabilityf.csproj", "{81E5DD65-17FC-4F39-BF76-68A34C0D05BA}"
EndProject
Global
	GlobalSection(SolutionConfigurationPlatforms) = preSolution
		Debug|Any CPU = Debug|Any CPU
		Release|Any CPU = Release|Any CPU
	EndGlobalSection
	GlobalSection(ProjectConfigurationPlatforms) = postSolution
		{FB1D095C-F992-4537-8222-F980EFAD213B}.Debug|Any CPU.ActiveCfg = Debug|Any CPU
		{FB1D095C-F992-4537-8222-F980EFAD213B}.Debug|Any CPU.Build.0 = Debug|Any CPU
		{FB1D095C-F992-4537-8222-F980EFAD213B}.Release|Any CPU.ActiveCfg = Release|Any CPU
		{FB1D095C-F992-4537-8222-F980EFAD213B}.Release|Any CPU.Build.0 = Release|Any CPU
		{2BF096B6-0B3C-4B12-83A2-9503AE61A566}.Debug|Any CPU.ActiveCfg = Debug|Any CPU
		{2BF096B6-0B3C-4B12-83A2-9503AE61A566}.Debug|Any CPU.Build.0 = Debug|Any CPU
		{2BF096B6-0B3C-4B12-83A2-9503AE61A566}.Release|Any CPU.ActiveCfg = Release|Any CPU
		{2BF096B6-0B3C-4B12-83A2-9503AE61A566}.Release|Any CPU.Build.0 = Release|Any CPU
		{C62B97AF-E780-425B-ADA2-FBABCB82E7A6}.Debug|Any CPU.ActiveCfg = Debug|Any CPU
		{C62B97AF-E780-425B-ADA2-FBABCB82E7A6}.Debug|Any CPU.Build.0 = Debug|Any CPU
		{C62B97AF-E780-425B-ADA2-FBABCB82E7A6}.Release|Any CPU.ActiveCfg = Release|Any CPU
		{C62B97AF-E780-425B-ADA2-FBABCB82E7A6}.Release|Any CPU.Build.0 = Release|Any CPU
		{AC56E732-CDAC-4945-8615-23B4CCD2E93C}.Debug|Any CPU.ActiveCfg = Debug|Any CPU
		{AC56E732-CDAC-4945-8615-23B4CCD2E93C}.Debug|Any CPU.Build.0 = Debug|Any CPU
		{AC56E732-CDAC-4945-8615-23B4CCD2E93C}.Release|Any CPU.ActiveCfg = Release|Any CPU
		{AC56E732-CDAC-4945-8615-23B4CCD2E93C}.Release|Any CPU.Build.0 = Release|Any CPU
		{81E5DD65-17FC-4F39-BF76-68A34C0D05BA}.Debug|Any CPU.ActiveCfg = Debug|Any CPU
		{81E5DD65-17FC-4F39-BF76-68A34C0D05BA}.Debug|Any CPU.Build.0 = Debug|Any CPU
		{81E5DD65-17FC-4F39-BF76-68A34C0D05BA}.Release|Any CPU.ActiveCfg = Release|Any CPU
		{81E5DD65-17FC-4F39-BF76-68A34C0D05BA}.Release|Any CPU.Build.0 = Release|Any CPU
	EndGlobalSection
	GlobalSection(SolutionProperties) = preSolution
		HideSolutionNode = FALSE
	EndGlobalSection
	GlobalSection(ExtensibilityGlobals) = postSolution
		SolutionGuid = {76936F71-12D7-47FD-952C-AC369D2058FC}
	EndGlobalSection
EndGlobal
